// !$*UTF8*$!
{
	archiveVersion = 1;
	classes = {
	};
	objectVersion = 50;
	objects = {

/* Begin PBXBuildFile section */
		FAF4A3112475F53D0080338C /* AppDelegate.swift in Sources */ = {isa = PBXBuildFile; fileRef = FAF4A3102475F53D0080338C /* AppDelegate.swift */; };
		FAF4A3132475F53D0080338C /* SceneDelegate.swift in Sources */ = {isa = PBXBuildFile; fileRef = FAF4A3122475F53D0080338C /* SceneDelegate.swift */; };
		FAF4A3152475F53D0080338C /* ContentView.swift in Sources */ = {isa = PBXBuildFile; fileRef = FAF4A3142475F53D0080338C /* ContentView.swift */; };
		FAF4A3172475F53E0080338C /* Assets.xcassets in Resources */ = {isa = PBXBuildFile; fileRef = FAF4A3162475F53E0080338C /* Assets.xcassets */; };
		FAF4A31A2475F53E0080338C /* Preview Assets.xcassets in Resources */ = {isa = PBXBuildFile; fileRef = FAF4A3192475F53E0080338C /* Preview Assets.xcassets */; };
		FAF4A31D2475F53E0080338C /* LaunchScreen.storyboard in Resources */ = {isa = PBXBuildFile; fileRef = FAF4A31B2475F53E0080338C /* LaunchScreen.storyboard */; };
		FAF4A3282475F53F0080338C /* TestTests.swift in Sources */ = {isa = PBXBuildFile; fileRef = FAF4A3272475F53F0080338C /* TestTests.swift */; };
		FAF4A3332475F53F0080338C /* TestUITests.swift in Sources */ = {isa = PBXBuildFile; fileRef = FAF4A3322475F53F0080338C /* TestUITests.swift */; };
/* End PBXBuildFile section */

/* Begin PBXContainerItemProxy section */
		FAF4A3242475F53F0080338C /* PBXContainerItemProxy */ = {
			isa = PBXContainerItemProxy;
			containerPortal = FAF4A3052475F53D0080338C /* Project object */;
			proxyType = 1;
			remoteGlobalIDString = FAF4A30C2475F53D0080338C;
			remoteInfo = Test;
		};
		FAF4A32F2475F53F0080338C /* PBXContainerItemProxy */ = {
			isa = PBXContainerItemProxy;
			containerPortal = FAF4A3052475F53D0080338C /* Project object */;
			proxyType = 1;
			remoteGlobalIDString = FAF4A30C2475F53D0080338C;
			remoteInfo = Test;
		};
/* End PBXContainerItemProxy section */

/* Begin PBXFileReference section */
		FAF4A30D2475F53D0080338C /* Test.app */ = {isa = PBXFileReference; explicitFileType = wrapper.application; includeInIndex = 0; path = Test.app; sourceTree = BUILT_PRODUCTS_DIR; };
		FAF4A3102475F53D0080338C /* AppDelegate.swift */ = {isa = PBXFileReference; lastKnownFileType = sourcecode.swift; path = AppDelegate.swift; sourceTree = "<group>"; };
		FAF4A3122475F53D0080338C /* SceneDelegate.swift */ = {isa = PBXFileReference; lastKnownFileType = sourcecode.swift; path = SceneDelegate.swift; sourceTree = "<group>"; };
		FAF4A3142475F53D0080338C /* ContentView.swift */ = {isa = PBXFileReference; lastKnownFileType = sourcecode.swift; path = ContentView.swift; sourceTree = "<group>"; };
		FAF4A3162475F53E0080338C /* Assets.xcassets */ = {isa = PBXFileReference; lastKnownFileType = folder.assetcatalog; path = Assets.xcassets; sourceTree = "<group>"; };
		FAF4A3192475F53E0080338C /* Preview Assets.xcassets */ = {isa = PBXFileReference; lastKnownFileType = folder.assetcatalog; path = "Preview Assets.xcassets"; sourceTree = "<group>"; };
		FAF4A31C2475F53E0080338C /* Base */ = {isa = PBXFileReference; lastKnownFileType = file.storyboard; name = Base; path = Base.lproj/LaunchScreen.storyboard; sourceTree = "<group>"; };
		FAF4A31E2475F53E0080338C /* Info.plist */ = {isa = PBXFileReference; lastKnownFileType = text.plist.xml; path = Info.plist; sourceTree = "<group>"; };
		FAF4A3232475F53F0080338C /* TestTests.xctest */ = {isa = PBXFileReference; explicitFileType = wrapper.cfbundle; includeInIndex = 0; path = TestTests.xctest; sourceTree = BUILT_PRODUCTS_DIR; };
		FAF4A3272475F53F0080338C /* TestTests.swift */ = {isa = PBXFileReference; lastKnownFileType = sourcecode.swift; path = TestTests.swift; sourceTree = "<group>"; };
		FAF4A3292475F53F0080338C /* Info.plist */ = {isa = PBXFileReference; lastKnownFileType = text.plist.xml; path = Info.plist; sourceTree = "<group>"; };
		FAF4A32E2475F53F0080338C /* TestUITests.xctest */ = {isa = PBXFileReference; explicitFileType = wrapper.cfbundle; includeInIndex = 0; path = TestUITests.xctest; sourceTree = BUILT_PRODUCTS_DIR; };
		FAF4A3322475F53F0080338C /* TestUITests.swift */ = {isa = PBXFileReference; lastKnownFileType = sourcecode.swift; path = TestUITests.swift; sourceTree = "<group>"; };
		FAF4A3342475F53F0080338C /* Info.plist */ = {isa = PBXFileReference; lastKnownFileType = text.plist.xml; path = Info.plist; sourceTree = "<group>"; };
/* End PBXFileReference section */

/* Begin PBXFrameworksBuildPhase section */
		FAF4A30A2475F53D0080338C /* Frameworks */ = {
			isa = PBXFrameworksBuildPhase;
			buildActionMask = 2147483647;
			files = (
			);
			runOnlyForDeploymentPostprocessing = 0;
		};
		FAF4A3202475F53F0080338C /* Frameworks */ = {
			isa = PBXFrameworksBuildPhase;
			buildActionMask = 2147483647;
			files = (
			);
			runOnlyForDeploymentPostprocessing = 0;
		};
		FAF4A32B2475F53F0080338C /* Frameworks */ = {
			isa = PBXFrameworksBuildPhase;
			buildActionMask = 2147483647;
			files = (
			);
			runOnlyForDeploymentPostprocessing = 0;
		};
/* End PBXFrameworksBuildPhase section */

/* Begin PBXGroup section */
		FAF4A3042475F53D0080338C = {
			isa = PBXGroup;
			children = (
				FAF4A30F2475F53D0080338C /* Test */,
				FAF4A3262475F53F0080338C /* TestTests */,
				FAF4A3312475F53F0080338C /* TestUITests */,
				FAF4A30E2475F53D0080338C /* Products */,
			);
			sourceTree = "<group>";
		};
		FAF4A30E2475F53D0080338C /* Products */ = {
			isa = PBXGroup;
			children = (
				FAF4A30D2475F53D0080338C /* Test.app */,
				FAF4A3232475F53F0080338C /* TestTests.xctest */,
				FAF4A32E2475F53F0080338C /* TestUITests.xctest */,
			);
			name = Products;
			sourceTree = "<group>";
		};
		FAF4A30F2475F53D0080338C /* Test */ = {
			isa = PBXGroup;
			children = (
				FAF4A3102475F53D0080338C /* AppDelegate.swift */,
				FAF4A3122475F53D0080338C /* SceneDelegate.swift */,
				FAF4A3142475F53D0080338C /* ContentView.swift */,
				FAF4A3162475F53E0080338C /* Assets.xcassets */,
				FAF4A31B2475F53E0080338C /* LaunchScreen.storyboard */,
				FAF4A31E2475F53E0080338C /* Info.plist */,
				FAF4A3182475F53E0080338C /* Preview Content */,
			);
			path = Test;
			sourceTree = "<group>";
		};
		FAF4A3182475F53E0080338C /* Preview Content */ = {
			isa = PBXGroup;
			children = (
				FAF4A3192475F53E0080338C /* Preview Assets.xcassets */,
			);
			path = "Preview Content";
			sourceTree = "<group>";
		};
		FAF4A3262475F53F0080338C /* TestTests */ = {
			isa = PBXGroup;
			children = (
				FAF4A3272475F53F0080338C /* TestTests.swift */,
				FAF4A3292475F53F0080338C /* Info.plist */,
			);
			path = TestTests;
			sourceTree = "<group>";
		};
		FAF4A3312475F53F0080338C /* TestUITests */ = {
			isa = PBXGroup;
			children = (
				FAF4A3322475F53F0080338C /* TestUITests.swift */,
				FAF4A3342475F53F0080338C /* Info.plist */,
			);
			path = TestUITests;
			sourceTree = "<group>";
		};
/* End PBXGroup section */

/* Begin PBXNativeTarget section */
		FAF4A30C2475F53D0080338C /* Test */ = {
			isa = PBXNativeTarget;
			buildConfigurationList = FAF4A3372475F53F0080338C /* Build configuration list for PBXNativeTarget "Test" */;
			buildPhases = (
				FAF4A3092475F53D0080338C /* Sources */,
				FAF4A30A2475F53D0080338C /* Frameworks */,
				FAF4A30B2475F53D0080338C /* Resources */,
			);
			buildRules = (
			);
			dependencies = (
			);
			name = Test;
			productName = Test;
			productReference = FAF4A30D2475F53D0080338C /* Test.app */;
			productType = "com.apple.product-type.application";
		};
		FAF4A3222475F53F0080338C /* TestTests */ = {
			isa = PBXNativeTarget;
			buildConfigurationList = FAF4A33A2475F53F0080338C /* Build configuration list for PBXNativeTarget "TestTests" */;
			buildPhases = (
				FAF4A31F2475F53F0080338C /* Sources */,
				FAF4A3202475F53F0080338C /* Frameworks */,
				FAF4A3212475F53F0080338C /* Resources */,
			);
			buildRules = (
			);
			dependencies = (
				FAF4A3252475F53F0080338C /* PBXTargetDependency */,
			);
			name = TestTests;
			productName = TestTests;
			productReference = FAF4A3232475F53F0080338C /* TestTests.xctest */;
			productType = "com.apple.product-type.bundle.unit-test";
		};
		FAF4A32D2475F53F0080338C /* TestUITests */ = {
			isa = PBXNativeTarget;
			buildConfigurationList = FAF4A33D2475F53F0080338C /* Build configuration list for PBXNativeTarget "TestUITests" */;
			buildPhases = (
				FAF4A32A2475F53F0080338C /* Sources */,
				FAF4A32B2475F53F0080338C /* Frameworks */,
				FAF4A32C2475F53F0080338C /* Resources */,
			);
			buildRules = (
			);
			dependencies = (
				FAF4A3302475F53F0080338C /* PBXTargetDependency */,
			);
			name = TestUITests;
			productName = TestUITests;
			productReference = FAF4A32E2475F53F0080338C /* TestUITests.xctest */;
			productType = "com.apple.product-type.bundle.ui-testing";
		};
/* End PBXNativeTarget section */

/* Begin PBXProject section */
		FAF4A3052475F53D0080338C /* Project object */ = {
			isa = PBXProject;
			attributes = {
				LastSwiftUpdateCheck = 1140;
				LastUpgradeCheck = 1140;
				ORGANIZATIONNAME = "OnX Maps";
				TargetAttributes = {
					FAF4A30C2475F53D0080338C = {
						CreatedOnToolsVersion = 11.4.1;
					};
					FAF4A3222475F53F0080338C = {
						CreatedOnToolsVersion = 11.4.1;
						TestTargetID = FAF4A30C2475F53D0080338C;
					};
					FAF4A32D2475F53F0080338C = {
						CreatedOnToolsVersion = 11.4.1;
						TestTargetID = FAF4A30C2475F53D0080338C;
					};
				};
			};
			buildConfigurationList = FAF4A3082475F53D0080338C /* Build configuration list for PBXProject "Test" */;
			compatibilityVersion = "Xcode 9.3";
			developmentRegion = en;
			hasScannedForEncodings = 0;
			knownRegions = (
				en,
				Base,
			);
			mainGroup = FAF4A3042475F53D0080338C;
			productRefGroup = FAF4A30E2475F53D0080338C /* Products */;
			projectDirPath = "";
			projectRoot = "";
			targets = (
				FAF4A30C2475F53D0080338C /* Test */,
				FAF4A3222475F53F0080338C /* TestTests */,
				FAF4A32D2475F53F0080338C /* TestUITests */,
			);
		};
/* End PBXProject section */

/* Begin PBXResourcesBuildPhase section */
		FAF4A30B2475F53D0080338C /* Resources */ = {
			isa = PBXResourcesBuildPhase;
			buildActionMask = 2147483647;
			files = (
				FAF4A31D2475F53E0080338C /* LaunchScreen.storyboard in Resources */,
				FAF4A31A2475F53E0080338C /* Preview Assets.xcassets in Resources */,
				FAF4A3172475F53E0080338C /* Assets.xcassets in Resources */,
			);
			runOnlyForDeploymentPostprocessing = 0;
		};
		FAF4A3212475F53F0080338C /* Resources */ = {
			isa = PBXResourcesBuildPhase;
			buildActionMask = 2147483647;
			files = (
			);
			runOnlyForDeploymentPostprocessing = 0;
		};
		FAF4A32C2475F53F0080338C /* Resources */ = {
			isa = PBXResourcesBuildPhase;
			buildActionMask = 2147483647;
			files = (
			);
			runOnlyForDeploymentPostprocessing = 0;
		};
/* End PBXResourcesBuildPhase section */

/* Begin PBXSourcesBuildPhase section */
		FAF4A3092475F53D0080338C /* Sources */ = {
			isa = PBXSourcesBuildPhase;
			buildActionMask = 2147483647;
			files = (
				FAF4A3112475F53D0080338C /* AppDelegate.swift in Sources */,
				FAF4A3132475F53D0080338C /* SceneDelegate.swift in Sources */,
				FAF4A3152475F53D0080338C /* ContentView.swift in Sources */,
			);
			runOnlyForDeploymentPostprocessing = 0;
		};
		FAF4A31F2475F53F0080338C /* Sources */ = {
			isa = PBXSourcesBuildPhase;
			buildActionMask = 2147483647;
			files = (
				FAF4A3282475F53F0080338C /* TestTests.swift in Sources */,
			);
			runOnlyForDeploymentPostprocessing = 0;
		};
		FAF4A32A2475F53F0080338C /* Sources */ = {
			isa = PBXSourcesBuildPhase;
			buildActionMask = 2147483647;
			files = (
				FAF4A3332475F53F0080338C /* TestUITests.swift in Sources */,
			);
			runOnlyForDeploymentPostprocessing = 0;
		};
/* End PBXSourcesBuildPhase section */

/* Begin PBXTargetDependency section */
		FAF4A3252475F53F0080338C /* PBXTargetDependency */ = {
			isa = PBXTargetDependency;
			target = FAF4A30C2475F53D0080338C /* Test */;
			targetProxy = FAF4A3242475F53F0080338C /* PBXContainerItemProxy */;
		};
		FAF4A3302475F53F0080338C /* PBXTargetDependency */ = {
			isa = PBXTargetDependency;
			target = FAF4A30C2475F53D0080338C /* Test */;
			targetProxy = FAF4A32F2475F53F0080338C /* PBXContainerItemProxy */;
		};
/* End PBXTargetDependency section */

/* Begin PBXVariantGroup section */
		FAF4A31B2475F53E0080338C /* LaunchScreen.storyboard */ = {
			isa = PBXVariantGroup;
			children = (
				FAF4A31C2475F53E0080338C /* Base */,
			);
			name = LaunchScreen.storyboard;
			sourceTree = "<group>";
		};
/* End PBXVariantGroup section */

/* Begin XCBuildConfiguration section */
		FAF4A3352475F53F0080338C /* Debug */ = {
			isa = XCBuildConfiguration;
			buildSettings = {
				ALWAYS_SEARCH_USER_PATHS = NO;
				CLANG_ANALYZER_NONNULL = YES;
				CLANG_ANALYZER_NUMBER_OBJECT_CONVERSION = YES_AGGRESSIVE;
				CLANG_CXX_LANGUAGE_STANDARD = "gnu++14";
				CLANG_CXX_LIBRARY = "libc++";
				CLANG_ENABLE_MODULES = YES;
				CLANG_ENABLE_OBJC_ARC = YES;
				CLANG_ENABLE_OBJC_WEAK = YES;
				CLANG_WARN_BLOCK_CAPTURE_AUTORELEASING = YES;
				CLANG_WARN_BOOL_CONVERSION = YES;
				CLANG_WARN_COMMA = YES;
				CLANG_WARN_CONSTANT_CONVERSION = YES;
				CLANG_WARN_DEPRECATED_OBJC_IMPLEMENTATIONS = YES;
				CLANG_WARN_DIRECT_OBJC_ISA_USAGE = YES_ERROR;
				CLANG_WARN_DOCUMENTATION_COMMENTS = YES;
				CLANG_WARN_EMPTY_BODY = YES;
				CLANG_WARN_ENUM_CONVERSION = YES;
				CLANG_WARN_INFINITE_RECURSION = YES;
				CLANG_WARN_INT_CONVERSION = YES;
				CLANG_WARN_NON_LITERAL_NULL_CONVERSION = YES;
				CLANG_WARN_OBJC_IMPLICIT_RETAIN_SELF = YES;
				CLANG_WARN_OBJC_LITERAL_CONVERSION = YES;
				CLANG_WARN_OBJC_ROOT_CLASS = YES_ERROR;
				CLANG_WARN_RANGE_LOOP_ANALYSIS = YES;
				CLANG_WARN_STRICT_PROTOTYPES = YES;
				CLANG_WARN_SUSPICIOUS_MOVE = YES;
				CLANG_WARN_UNGUARDED_AVAILABILITY = YES_AGGRESSIVE;
				CLANG_WARN_UNREACHABLE_CODE = YES;
				CLANG_WARN__DUPLICATE_METHOD_MATCH = YES;
				COPY_PHASE_STRIP = NO;
				DEBUG_INFORMATION_FORMAT = dwarf;
				ENABLE_STRICT_OBJC_MSGSEND = YES;
				ENABLE_TESTABILITY = YES;
				GCC_C_LANGUAGE_STANDARD = gnu11;
				GCC_DYNAMIC_NO_PIC = NO;
				GCC_NO_COMMON_BLOCKS = YES;
				GCC_OPTIMIZATION_LEVEL = 0;
				GCC_PREPROCESSOR_DEFINITIONS = (
					"DEBUG=1",
					"$(inherited)",
				);
				GCC_WARN_64_TO_32_BIT_CONVERSION = YES;
				GCC_WARN_ABOUT_RETURN_TYPE = YES_ERROR;
				GCC_WARN_UNDECLARED_SELECTOR = YES;
				GCC_WARN_UNINITIALIZED_AUTOS = YES_AGGRESSIVE;
				GCC_WARN_UNUSED_FUNCTION = YES;
				GCC_WARN_UNUSED_VARIABLE = YES;
				IPHONEOS_DEPLOYMENT_TARGET = 13.4;
				MTL_ENABLE_DEBUG_INFO = INCLUDE_SOURCE;
				MTL_FAST_MATH = YES;
				ONLY_ACTIVE_ARCH = YES;
				SDKROOT = iphoneos;
				SWIFT_ACTIVE_COMPILATION_CONDITIONS = DEBUG;
				SWIFT_OPTIMIZATION_LEVEL = "-Onone";
			};
			name = Debug;
		};
		FAF4A3362475F53F0080338C /* Release */ = {
			isa = XCBuildConfiguration;
			buildSettings = {
				ALWAYS_SEARCH_USER_PATHS = NO;
				CLANG_ANALYZER_NONNULL = YES;
				CLANG_ANALYZER_NUMBER_OBJECT_CONVERSION = YES_AGGRESSIVE;
				CLANG_CXX_LANGUAGE_STANDARD = "gnu++14";
				CLANG_CXX_LIBRARY = "libc++";
				CLANG_ENABLE_MODULES = YES;
				CLANG_ENABLE_OBJC_ARC = YES;
				CLANG_ENABLE_OBJC_WEAK = YES;
				CLANG_WARN_BLOCK_CAPTURE_AUTORELEASING = YES;
				CLANG_WARN_BOOL_CONVERSION = YES;
				CLANG_WARN_COMMA = YES;
				CLANG_WARN_CONSTANT_CONVERSION = YES;
				CLANG_WARN_DEPRECATED_OBJC_IMPLEMENTATIONS = YES;
				CLANG_WARN_DIRECT_OBJC_ISA_USAGE = YES_ERROR;
				CLANG_WARN_DOCUMENTATION_COMMENTS = YES;
				CLANG_WARN_EMPTY_BODY = YES;
				CLANG_WARN_ENUM_CONVERSION = YES;
				CLANG_WARN_INFINITE_RECURSION = YES;
				CLANG_WARN_INT_CONVERSION = YES;
				CLANG_WARN_NON_LITERAL_NULL_CONVERSION = YES;
				CLANG_WARN_OBJC_IMPLICIT_RETAIN_SELF = YES;
				CLANG_WARN_OBJC_LITERAL_CONVERSION = YES;
				CLANG_WARN_OBJC_ROOT_CLASS = YES_ERROR;
				CLANG_WARN_RANGE_LOOP_ANALYSIS = YES;
				CLANG_WARN_STRICT_PROTOTYPES = YES;
				CLANG_WARN_SUSPICIOUS_MOVE = YES;
				CLANG_WARN_UNGUARDED_AVAILABILITY = YES_AGGRESSIVE;
				CLANG_WARN_UNREACHABLE_CODE = YES;
				CLANG_WARN__DUPLICATE_METHOD_MATCH = YES;
				COPY_PHASE_STRIP = NO;
				DEBUG_INFORMATION_FORMAT = "dwarf-with-dsym";
				ENABLE_NS_ASSERTIONS = NO;
				ENABLE_STRICT_OBJC_MSGSEND = YES;
				GCC_C_LANGUAGE_STANDARD = gnu11;
				GCC_NO_COMMON_BLOCKS = YES;
				GCC_WARN_64_TO_32_BIT_CONVERSION = YES;
				GCC_WARN_ABOUT_RETURN_TYPE = YES_ERROR;
				GCC_WARN_UNDECLARED_SELECTOR = YES;
				GCC_WARN_UNINITIALIZED_AUTOS = YES_AGGRESSIVE;
				GCC_WARN_UNUSED_FUNCTION = YES;
				GCC_WARN_UNUSED_VARIABLE = YES;
				IPHONEOS_DEPLOYMENT_TARGET = 13.4;
				MTL_ENABLE_DEBUG_INFO = NO;
				MTL_FAST_MATH = YES;
				SDKROOT = iphoneos;
				SWIFT_COMPILATION_MODE = wholemodule;
				SWIFT_OPTIMIZATION_LEVEL = "-O";
				VALIDATE_PRODUCT = YES;
			};
			name = Release;
		};
		FAF4A3382475F53F0080338C /* Debug */ = {
			isa = XCBuildConfiguration;
			buildSettings = {
				ASSETCATALOG_COMPILER_APPICON_NAME = AppIcon;
				CODE_SIGN_STYLE = Automatic;
				DEVELOPMENT_ASSET_PATHS = "\"Test/Preview Content\"";
				ENABLE_PREVIEWS = YES;
				INFOPLIST_FILE = Test/Info.plist;
				LD_RUNPATH_SEARCH_PATHS = (
					"$(inherited)",
					"@executable_path/Frameworks",
				);
				PRODUCT_BUNDLE_IDENTIFIER = com.OnXmaps.Test;
				PRODUCT_NAME = "$(TARGET_NAME)";
				SWIFT_VERSION = 5.0;
				TARGETED_DEVICE_FAMILY = "1,2";
			};
			name = Debug;
		};
		FAF4A3392475F53F0080338C /* Release */ = {
			isa = XCBuildConfiguration;
			buildSettings = {
				ASSETCATALOG_COMPILER_APPICON_NAME = AppIcon;
				CODE_SIGN_STYLE = Automatic;
				DEVELOPMENT_ASSET_PATHS = "\"Test/Preview Content\"";
				ENABLE_PREVIEWS = YES;
				INFOPLIST_FILE = Test/Info.plist;
				LD_RUNPATH_SEARCH_PATHS = (
					"$(inherited)",
					"@executable_path/Frameworks",
				);
				PRODUCT_BUNDLE_IDENTIFIER = com.OnXmaps.Test;
				PRODUCT_NAME = "$(TARGET_NAME)";
				SWIFT_VERSION = 5.0;
				TARGETED_DEVICE_FAMILY = "1,2";
			};
			name = Release;
		};
		FAF4A33B2475F53F0080338C /* Debug */ = {
			isa = XCBuildConfiguration;
			buildSettings = {
				ALWAYS_EMBED_SWIFT_STANDARD_LIBRARIES = YES;
				BUNDLE_LOADER = "$(TEST_HOST)";
				CODE_SIGN_STYLE = Automatic;
				INFOPLIST_FILE = TestTests/Info.plist;
				IPHONEOS_DEPLOYMENT_TARGET = 13.4;
				LD_RUNPATH_SEARCH_PATHS = (
					"$(inherited)",
					"@executable_path/Frameworks",
					"@loader_path/Frameworks",
				);
				PRODUCT_BUNDLE_IDENTIFIER = com.OnXmaps.TestTests;
				PRODUCT_NAME = "$(TARGET_NAME)";
				SWIFT_VERSION = 5.0;
				TARGETED_DEVICE_FAMILY = "1,2";
				TEST_HOST = "$(BUILT_PRODUCTS_DIR)/Test.app/Test";
			};
			name = Debug;
		};
		FAF4A33C2475F53F0080338C /* Release */ = {
			isa = XCBuildConfiguration;
			buildSettings = {
				ALWAYS_EMBED_SWIFT_STANDARD_LIBRARIES = YES;
				BUNDLE_LOADER = "$(TEST_HOST)";
				CODE_SIGN_STYLE = Automatic;
				INFOPLIST_FILE = TestTests/Info.plist;
				IPHONEOS_DEPLOYMENT_TARGET = 13.4;
				LD_RUNPATH_SEARCH_PATHS = (
					"$(inherited)",
					"@executable_path/Frameworks",
					"@loader_path/Frameworks",
				);
				PRODUCT_BUNDLE_IDENTIFIER = com.OnXmaps.TestTests;
				PRODUCT_NAME = "$(TARGET_NAME)";
				SWIFT_VERSION = 5.0;
				TARGETED_DEVICE_FAMILY = "1,2";
				TEST_HOST = "$(BUILT_PRODUCTS_DIR)/Test.app/Test";
			};
			name = Release;
		};
		FAF4A33E2475F53F0080338C /* Debug */ = {
			isa = XCBuildConfiguration;
			buildSettings = {
				ALWAYS_EMBED_SWIFT_STANDARD_LIBRARIES = YES;
				CODE_SIGN_STYLE = Automatic;
				INFOPLIST_FILE = TestUITests/Info.plist;
				LD_RUNPATH_SEARCH_PATHS = (
					"$(inherited)",
					"@executable_path/Frameworks",
					"@loader_path/Frameworks",
				);
				PRODUCT_BUNDLE_IDENTIFIER = com.OnXmaps.TestUITests;
				PRODUCT_NAME = "$(TARGET_NAME)";
				SWIFT_VERSION = 5.0;
				TARGETED_DEVICE_FAMILY = "1,2";
				TEST_TARGET_NAME = Test;
			};
			name = Debug;
		};
		FAF4A33F2475F53F0080338C /* Release */ = {
			isa = XCBuildConfiguration;
			buildSettings = {
				ALWAYS_EMBED_SWIFT_STANDARD_LIBRARIES = YES;
				CODE_SIGN_STYLE = Automatic;
				INFOPLIST_FILE = TestUITests/Info.plist;
				LD_RUNPATH_SEARCH_PATHS = (
					"$(inherited)",
					"@executable_path/Frameworks",
					"@loader_path/Frameworks",
				);
				PRODUCT_BUNDLE_IDENTIFIER = com.OnXmaps.TestUITests;
				PRODUCT_NAME = "$(TARGET_NAME)";
				SWIFT_VERSION = 5.0;
				TARGETED_DEVICE_FAMILY = "1,2";
				TEST_TARGET_NAME = Test;
			};
			name = Release;
		};
/* End XCBuildConfiguration section */

/* Begin XCConfigurationList section */
		FAF4A3082475F53D0080338C /* Build configuration list for PBXProject "Test" */ = {
			isa = XCConfigurationList;
			buildConfigurations = (
				FAF4A3352475F53F0080338C /* Debug */,
				FAF4A3362475F53F0080338C /* Release */,
			);
			defaultConfigurationIsVisible = 0;
			defaultConfigurationName = Release;
		};
		FAF4A3372475F53F0080338C /* Build configuration list for PBXNativeTarget "Test" */ = {
			isa = XCConfigurationList;
			buildConfigurations = (
				FAF4A3382475F53F0080338C /* Debug */,
				FAF4A3392475F53F0080338C /* Release */,
			);
			defaultConfigurationIsVisible = 0;
			defaultConfigurationName = Release;
		};
		FAF4A33A2475F53F0080338C /* Build configuration list for PBXNativeTarget "TestTests" */ = {
			isa = XCConfigurationList;
			buildConfigurations = (
				FAF4A33B2475F53F0080338C /* Debug */,
				FAF4A33C2475F53F0080338C /* Release */,
			);
			defaultConfigurationIsVisible = 0;
			defaultConfigurationName = Release;
		};
		FAF4A33D2475F53F0080338C /* Build configuration list for PBXNativeTarget "TestUITests" */ = {
			isa = XCConfigurationList;
			buildConfigurations = (
				FAF4A33E2475F53F0080338C /* Debug */,
				FAF4A33F2475F53F0080338C /* Release */,
			);
			defaultConfigurationIsVisible = 0;
			defaultConfigurationName = Release;
		};
/* End XCConfigurationList section */
	};
	rootObject = FAF4A3052475F53D0080338C /* Project object */;
}
